
Microsoft Visual Studio Solution File, Format Version 12.00
Project("{2150E333-8FDC-42A3-9474-1A3956D46DE8}") = "src", "src", "{D836EDF8-5846-4D71-8855-37DA492C84D2}"
	ProjectSection(SolutionItems) = preProject
		src\Directory.Packages.props = src\Directory.Packages.props
		src\Dockerfile = src\Dockerfile
	EndProjectSection
EndProject
Project("{2150E333-8FDC-42A3-9474-1A3956D46DE8}") = "Services", "Services", "{A4A13A16-106D-4205-8ABF-E7EB35381B98}"
EndProject
Project("{2150E333-8FDC-42A3-9474-1A3956D46DE8}") = "OrderService", "OrderService", "{B4A43719-9D32-43D4-992D-843AEC416656}"
EndProject
Project("{2150E333-8FDC-42A3-9474-1A3956D46DE8}") = "src", "src", "{EBC657BD-DADB-42C8-8B77-B35EB7CCB90C}"
EndProject
Project("{2150E333-8FDC-42A3-9474-1A3956D46DE8}") = "Shared", "Shared", "{8CF7D7A0-0012-450A-9C01-8CEA698EBB4D}"
EndProject
Project("{FAE04EC0-301F-11D3-BF4B-00C04F79EFBC}") = "Shared.Domain", "src\Shared\Shared.Domain\Shared.Domain.csproj", "{DBC7D5D6-A083-476B-8427-914BD66DAFB2}"
EndProject
Project("{2150E333-8FDC-42A3-9474-1A3956D46DE8}") = "tests", "tests", "{690BB367-1B7B-4097-B27F-CB57F34817BB}"
EndProject
Project("{2150E333-8FDC-42A3-9474-1A3956D46DE8}") = "InventoryService", "InventoryService", "{25448FA5-18F3-4655-98A1-EB22CC6219A8}"
EndProject
Project("{2150E333-8FDC-42A3-9474-1A3956D46DE8}") = "src", "src", "{C13FF93B-CDEF-4015-89FE-235467587A47}"
EndProject
Project("{2150E333-8FDC-42A3-9474-1A3956D46DE8}") = "tests", "tests", "{4723557D-92DB-4D2E-A72F-C769BC5947BB}"
EndProject
Project("{FAE04EC0-301F-11D3-BF4B-00C04F79EFBC}") = "OrderService.Domain", "src\Services\OrderService\src\OrderService.Domain\OrderService.Domain.csproj", "{1396A4FE-C8A7-45FA-8B67-C37D699B153F}"
EndProject
Project("{FAE04EC0-301F-11D3-BF4B-00C04F79EFBC}") = "OrderService.Domain.Tests", "src\Services\OrderService\tests\OrderService.Domain.Tests\OrderService.Domain.Tests.csproj", "{D212E6C2-1FC0-415A-8572-2469488E3B1A}"
EndProject
Project("{FAE04EC0-301F-11D3-BF4B-00C04F79EFBC}") = "InventoryService.Domain", "src\Services\InventoryService\src\InventoryService.Domain\InventoryService.Domain.csproj", "{1123F90F-7885-411D-BB2B-9193A92DCC96}"
EndProject
Project("{FAE04EC0-301F-11D3-BF4B-00C04F79EFBC}") = "InventoryService.Domain.Test", "src\Services\InventoryService\tests\InventoryService.Domain.Test\InventoryService.Domain.Test.csproj", "{7277ABF1-0CC9-4E3F-86DB-BFA88405FCB8}"
EndProject
Project("{2150E333-8FDC-42A3-9474-1A3956D46DE8}") = "CatalogService", "CatalogService", "{B6ABB051-C661-4ED0-B275-38AC6429D94A}"
EndProject
Project("{2150E333-8FDC-42A3-9474-1A3956D46DE8}") = "src", "src", "{8C69954E-E716-4A95-98C4-4B520847D179}"
EndProject
Project("{2150E333-8FDC-42A3-9474-1A3956D46DE8}") = "tests", "tests", "{CDEBC8BB-A9CF-4274-B84F-B72975BE01AD}"
EndProject
Project("{FAE04EC0-301F-11D3-BF4B-00C04F79EFBC}") = "CatalogService.Domain", "src\Services\ProductService\src\CatalogService.Domain\CatalogService.Domain.csproj", "{F2543C28-F9BA-418A-9AC9-192D269BF12D}"
EndProject
Project("{FAE04EC0-301F-11D3-BF4B-00C04F79EFBC}") = "CatalogService.Domain.Test", "src\Services\ProductService\tests\CatalogService.Domain.Test\CatalogService.Domain.Test.csproj", "{93A83A4A-D0CA-4256-9506-018BEFB8ADB9}"
EndProject
Project("{2150E333-8FDC-42A3-9474-1A3956D46DE8}") = "SharedService", "SharedService", "{CC490DAB-6923-4661-98DB-6200CF2E47B5}"
EndProject
Project("{2150E333-8FDC-42A3-9474-1A3956D46DE8}") = "src", "src", "{BD4EE949-8E86-4634-BBCD-1D6E79FB59BB}"
EndProject
Project("{FAE04EC0-301F-11D3-BF4B-00C04F79EFBC}") = "SharedService.Domain", "src\Services\SharedService\src\SharedService.Domain\SharedService.Domain.csproj", "{57764DDC-01A4-4292-8488-4390FBCCF875}"
EndProject
Project("{2150E333-8FDC-42A3-9474-1A3956D46DE8}") = "SolutionFiles", "SolutionFiles", "{D5C7DCC8-4BA5-4993-BB3A-441453160A01}"
EndProject
Project("{2150E333-8FDC-42A3-9474-1A3956D46DE8}") = "ShippingService", "ShippingService", "{CE18BAAD-EE4A-459D-B23F-DC24F9400E02}"
EndProject
Project("{2150E333-8FDC-42A3-9474-1A3956D46DE8}") = "src", "src", "{85A7BD12-8949-4F9D-BBBC-0D06668FAA7A}"
EndProject
Project("{2150E333-8FDC-42A3-9474-1A3956D46DE8}") = "tests", "tests", "{7C676E81-9944-4F4C-A021-2857E420D619}"
EndProject
Project("{FAE04EC0-301F-11D3-BF4B-00C04F79EFBC}") = "ShippingService.Domain", "src\Services\ShippingService\src\ShippingService.Domain\ShippingService.Domain.csproj", "{49E8007C-20C2-411C-A040-77DEFC1F4CA4}"
EndProject
Project("{FAE04EC0-301F-11D3-BF4B-00C04F79EFBC}") = "ShippingService.Domain.Test", "src\Services\ShippingService\tests\ShippingService.Domain.Test\ShippingService.Domain.Test.csproj", "{0306DC0A-59BE-4FE8-9F4E-DC646B3EA49E}"
EndProject
Project("{FAE04EC0-301F-11D3-BF4B-00C04F79EFBC}") = "OrderService.Application", "src\Services\OrderService\src\OrderService.Application\OrderService.Application.csproj", "{E8F8982B-3168-4D01-8CE5-B42DA5357F78}"
EndProject
Project("{FAE04EC0-301F-11D3-BF4B-00C04F79EFBC}") = "Shared.Common", "src\Shared\Shared.Common\Shared.Common.csproj", "{A485B9F1-0456-42C6-B683-069912EB6CE6}"
EndProject
Project("{FAE04EC0-301F-11D3-BF4B-00C04F79EFBC}") = "Shared.Application", "src\Shared\Shared.Application\Shared.Application.csproj", "{72A193E3-4558-40CB-848C-8C008A3D2552}"
EndProject
Project("{2150E333-8FDC-42A3-9474-1A3956D46DE8}") = "Presentation", "Presentation", "{D556F2CF-D570-4655-9B16-AE1B07179A6D}"
EndProject
Project("{FAE04EC0-301F-11D3-BF4B-00C04F79EFBC}") = "WebApplication", "src\Presentations\WebApplication\WebApplication.csproj", "{45E8B8FE-6695-4DC3-84CC-EC6E3C9733D5}"
EndProject
Project("{FAE04EC0-301F-11D3-BF4B-00C04F79EFBC}") = "OrderService.DependencyInjection", "src\Services\OrderService\src\OrderService.DependencyInjection\OrderService.DependencyInjection.csproj", "{CD7F7D2C-8853-4723-B4D1-9D81534318AA}"
EndProject
Project("{FAE04EC0-301F-11D3-BF4B-00C04F79EFBC}") = "OrderService.Application.Tests", "src\Services\OrderService\tests\OrderService.Application.Tests\OrderService.Application.Tests.csproj", "{B265D267-FC7E-48B1-B1EE-240640F26675}"
EndProject
Project("{FAE04EC0-301F-11D3-BF4B-00C04F79EFBC}") = "OrderService.Persistence", "src\Services\OrderService\src\OrderService.Persistence\OrderService.Persistence.csproj", "{04363115-5F64-480E-85EA-56431345AAFF}"
EndProject
Project("{FAE04EC0-301F-11D3-BF4B-00C04F79EFBC}") = "ShippingService.Persistence", "src\Services\ShippingService\src\ShippingService.Persistence\ShippingService.Persistence.csproj", "{701FFB7D-0809-440C-9E69-78874B1456EA}"
EndProject
Project("{FAE04EC0-301F-11D3-BF4B-00C04F79EFBC}") = "ShippingService.Application", "src\Services\ShippingService\src\ShippingService.Application\ShippingService.Application.csproj", "{64C2446C-B091-4628-9015-8ADB30A12F40}"
EndProject
Project("{FAE04EC0-301F-11D3-BF4B-00C04F79EFBC}") = "ShippingService.Application.Test", "src\Services\ShippingService\tests\ShippingService.Application.Test\ShippingService.Application.Test.csproj", "{4A4C410D-693E-4722-88EE-5A3751193899}"
EndProject
Project("{FAE04EC0-301F-11D3-BF4B-00C04F79EFBC}") = "InventoryService.Application", "src\Services\InventoryService\src\InventoryService.Application\InventoryService.Application.csproj", "{35D6A6A2-5D9B-4FAD-A1B5-AA6D0608025C}"
EndProject
Project("{FAE04EC0-301F-11D3-BF4B-00C04F79EFBC}") = "InventoryService.Persistence", "src\Services\InventoryService\src\InventoryService.Persistence\InventoryService.Persistence.csproj", "{26EC22E0-6538-4E35-80FD-597942F700D5}"
EndProject
Project("{FAE04EC0-301F-11D3-BF4B-00C04F79EFBC}") = "InventoryService.Application.Test", "src\Services\InventoryService\tests\InventoryService.Application.Test\InventoryService.Application.Test.csproj", "{CD57E37E-0943-4FD3-9ACC-1150209F813C}"
EndProject
Project("{FAE04EC0-301F-11D3-BF4B-00C04F79EFBC}") = "CatalogService.Application", "src\Services\ProductService\src\CatalogService.Application\CatalogService.Application.csproj", "{418F33F4-1831-411B-82F7-87B035B3AADB}"
EndProject
Project("{FAE04EC0-301F-11D3-BF4B-00C04F79EFBC}") = "CatalogService.Application.Test", "src\Services\ProductService\tests\CatalogService.Application.Test\CatalogService.Application.Test.csproj", "{A1295163-F246-4E78-A5F4-495E264EBC73}"
EndProject
Project("{FAE04EC0-301F-11D3-BF4B-00C04F79EFBC}") = "CatalogService.Persistence", "src\Services\ProductService\src\CatalogService.Persistence\CatalogService.Persistence.csproj", "{BEFAB23B-807A-4055-8AF1-B1E8851B6DF6}"
EndProject
Project("{FAE04EC0-301F-11D3-BF4B-00C04F79EFBC}") = "Shared.Persistence", "src\Shared\Shared.Persistence\Shared.Persistence.csproj", "{84E0693D-36D8-42C2-ADB1-D1FD501AF141}"
EndProject
Project("{2150E333-8FDC-42A3-9474-1A3956D46DE8}") = "PaymentService", "PaymentService", "{F9AC9F9D-97D6-4B73-B4A7-4C7F21DCD2E7}"
EndProject
Project("{2150E333-8FDC-42A3-9474-1A3956D46DE8}") = "src", "src", "{CD6C363C-69F7-4135-AC09-ADB4BC7D59FE}"
EndProject
Project("{2150E333-8FDC-42A3-9474-1A3956D46DE8}") = "tests", "tests", "{6F4EE3EC-DBEC-4622-952D-06359939A94B}"
EndProject
Project("{FAE04EC0-301F-11D3-BF4B-00C04F79EFBC}") = "PaymentService.Domain", "src\Services\PaymentService\src\PaymentService.Domain\PaymentService.Domain.csproj", "{F9E879DE-16EA-4C6B-ACF5-B4D4DB532F87}"
EndProject
Project("{FAE04EC0-301F-11D3-BF4B-00C04F79EFBC}") = "PaymentService.Application", "src\Services\PaymentService\src\PaymentService.Application\PaymentService.Application.csproj", "{3CFD44DA-88BF-4F45-8259-048884B8339C}"
EndProject
Project("{FAE04EC0-301F-11D3-BF4B-00C04F79EFBC}") = "PaymentService.Persistence", "src\Services\PaymentService\src\PaymentService.Persistence\PaymentService.Persistence.csproj", "{40F5B986-0D53-4F07-9624-59E37AD16009}"
EndProject
Project("{2150E333-8FDC-42A3-9474-1A3956D46DE8}") = "CheckoutService", "CheckoutService", "{9AAB3903-33D6-4A22-AD15-CEE44F1B5EFA}"
EndProject
Project("{2150E333-8FDC-42A3-9474-1A3956D46DE8}") = "src", "src", "{AC7496AA-6B33-442D-A127-FF9C5A217170}"
EndProject
Project("{2150E333-8FDC-42A3-9474-1A3956D46DE8}") = "tests", "tests", "{CA4B35FA-8073-4E8A-9DD8-85FB816F4B1C}"
EndProject
Project("{FAE04EC0-301F-11D3-BF4B-00C04F79EFBC}") = "CheckoutService.Domain", "src\Services\CheckoutService\src\CheckoutService.Domain\CheckoutService.Domain.csproj", "{DC113011-722F-4CB1-B7E1-8A01910CA8D0}"
EndProject
Project("{FAE04EC0-301F-11D3-BF4B-00C04F79EFBC}") = "CheckoutService.Application", "src\Services\CheckoutService\src\CheckoutService.Application\CheckoutService.Application.csproj", "{A37D54E5-F077-4BA5-B956-B2141D2EBB3B}"
EndProject
Project("{FAE04EC0-301F-11D3-BF4B-00C04F79EFBC}") = "CheckoutService.Persistence", "src\Services\CheckoutService\src\CheckoutService.Persistence\CheckoutService.Persistence.csproj", "{A1E9F1B9-B622-4E7C-B733-7839428C8666}"
EndProject
Project("{FAE04EC0-301F-11D3-BF4B-00C04F79EFBC}") = "PaymentService.Domain.Tests", "src\Services\PaymentService\tests\PaymentService.Domain.Tests\PaymentService.Domain.Tests.csproj", "{E9043ABD-1E53-4841-BE8D-938B33CDDE2C}"
EndProject
Project("{FAE04EC0-301F-11D3-BF4B-00C04F79EFBC}") = "PaymentService.Application.Test", "src\Services\PaymentService\tests\PaymentService.Application.Test\PaymentService.Application.Test.csproj", "{B29928F7-18A4-4A6B-B6BE-D1A66175F1A0}"
EndProject
Project("{FAE04EC0-301F-11D3-BF4B-00C04F79EFBC}") = "CheckoutService.Domain.Tests", "src\Services\CheckoutService\tests\CheckoutService.Domain.Tests\CheckoutService.Domain.Tests.csproj", "{58D73A22-7EFB-44D2-B411-DD7087959225}"
EndProject
Project("{FAE04EC0-301F-11D3-BF4B-00C04F79EFBC}") = "CheckoutService.Application.Tests", "src\Services\CheckoutService\tests\CheckoutService.Application.Tests\CheckoutService.Application.Tests.csproj", "{A63C3E85-2496-476C-A805-9E28811439E1}"
EndProject
Project("{FAE04EC0-301F-11D3-BF4B-00C04F79EFBC}") = "OrderService.Application.Abstraction", "src\Services\OrderService\src\OrderService.Application.Abstraction\OrderService.Application.Abstraction.csproj", "{5886884F-A7B2-4D39-B672-3E4F544F2C58}"
EndProject
Project("{FAE04EC0-301F-11D3-BF4B-00C04F79EFBC}") = "CheckoutService.Application.Abstraction", "src\Services\CheckoutService\src\CheckoutService.Application.Abstraction\CheckoutService.Application.Abstraction.csproj", "{32D05280-0771-40D3-B198-5D3EE920746E}"
EndProject
Project("{FAE04EC0-301F-11D3-BF4B-00C04F79EFBC}") = "ShippingService.Application.Abstraction", "src\Services\ShippingService\ShippingService.Application.Abstraction\ShippingService.Application.Abstraction.csproj", "{DDEDF2F3-2A51-4D87-A760-A93347097084}"
EndProject
Project("{FAE04EC0-301F-11D3-BF4B-00C04F79EFBC}") = "Shared.Test", "src\Shared\Shared.Test\Shared.Test.csproj", "{D7001FA4-BC24-4548-A246-F6D54B22FC92}"
EndProject
Project("{FAE04EC0-301F-11D3-BF4B-00C04F79EFBC}") = "CheckoutService.DependencyInjection", "src\Services\CheckoutService\src\CheckoutService.DependencyInjection\CheckoutService.DependencyInjection.csproj", "{CE521561-56DB-4D81-8A2F-D483024BA419}"
EndProject
Project("{FAE04EC0-301F-11D3-BF4B-00C04F79EFBC}") = "InventoryService.DependencyInjection", "src\Services\InventoryService\src\InventoryService.DependencyInjection\InventoryService.DependencyInjection.csproj", "{4C8045E8-C79D-4306-A9B4-2F52E7DF2043}"
EndProject
Project("{FAE04EC0-301F-11D3-BF4B-00C04F79EFBC}") = "CatalogService.DependencyInjection", "src\Services\ProductService\src\CatalogService.DependencyInjection\CatalogService.DependencyInjection.csproj", "{0E75929C-DC2E-4971-A3A6-22BA651BFE61}"
EndProject
Project("{FAE04EC0-301F-11D3-BF4B-00C04F79EFBC}") = "CatalogService.Api", "src\Services\ProductService\src\CatalogService.Api\CatalogService.Api.csproj", "{3DD15264-3101-40F9-8C12-53CE2C11A978}"
EndProject
Project("{FAE04EC0-301F-11D3-BF4B-00C04F79EFBC}") = "CatalogService.Application.Abstraction", "src\Services\ProductService\src\CatalogService.Application.Abstraction\CatalogService.Application.Abstraction.csproj", "{BA14C9B5-110A-409C-B7E5-595F5AEBA6D3}"
EndProject
Project("{FAE04EC0-301F-11D3-BF4B-00C04F79EFBC}") = "Shared.Presentation", "src\Shared\Shared.Presentation\Shared.Presentation.csproj", "{D1755DE2-CA24-4EE6-ADBE-0955396EE9B0}"
EndProject
Project("{FAE04EC0-301F-11D3-BF4B-00C04F79EFBC}") = "Shared.Telemetry", "src\Shared\Shared.Telemetry\Shared.Telemetry.csproj", "{BFC670D0-CE42-4D74-8AF3-AB3481FF550E}"
EndProject
Project("{FAE04EC0-301F-11D3-BF4B-00C04F79EFBC}") = "Shared.Eventing", "src\Shared\Shared.Eventing\Shared.Eventing.csproj", "{82FC5962-00D5-4CA5-9B10-0CF3FB5E0A4F}"
EndProject
Project("{FAE04EC0-301F-11D3-BF4B-00C04F79EFBC}") = "Shared.Messaging", "src\Shared\Shared.Messaging\Shared.Messaging.csproj", "{632CC065-6222-4C1D-A948-FA02D94BF82F}"
EndProject
Project("{FAE04EC0-301F-11D3-BF4B-00C04F79EFBC}") = "Shared.Media", "src\Shared\Shared.Media\Shared.Media.csproj", "{232AFB98-85B5-4729-AFE9-43925314F67D}"
EndProject
Project("{FAE04EC0-301F-11D3-BF4B-00C04F79EFBC}") = "Shared.Media.Abstractions", "src\Shared\Shared.Media.Abstractions\Shared.Media.Abstractions.csproj", "{7B541DD9-8C97-41F4-A0DF-D7FBDE4CC5A7}"
EndProject
Global
	GlobalSection(SolutionConfigurationPlatforms) = preSolution
		Debug|Any CPU = Debug|Any CPU
		Release|Any CPU = Release|Any CPU
	EndGlobalSection
	GlobalSection(ProjectConfigurationPlatforms) = postSolution
		{DBC7D5D6-A083-476B-8427-914BD66DAFB2}.Debug|Any CPU.ActiveCfg = Debug|Any CPU
		{DBC7D5D6-A083-476B-8427-914BD66DAFB2}.Debug|Any CPU.Build.0 = Debug|Any CPU
		{DBC7D5D6-A083-476B-8427-914BD66DAFB2}.Release|Any CPU.ActiveCfg = Release|Any CPU
		{DBC7D5D6-A083-476B-8427-914BD66DAFB2}.Release|Any CPU.Build.0 = Release|Any CPU
		{1396A4FE-C8A7-45FA-8B67-C37D699B153F}.Debug|Any CPU.ActiveCfg = Debug|Any CPU
		{1396A4FE-C8A7-45FA-8B67-C37D699B153F}.Debug|Any CPU.Build.0 = Debug|Any CPU
		{1396A4FE-C8A7-45FA-8B67-C37D699B153F}.Release|Any CPU.ActiveCfg = Release|Any CPU
		{1396A4FE-C8A7-45FA-8B67-C37D699B153F}.Release|Any CPU.Build.0 = Release|Any CPU
		{D212E6C2-1FC0-415A-8572-2469488E3B1A}.Debug|Any CPU.ActiveCfg = Debug|Any CPU
		{D212E6C2-1FC0-415A-8572-2469488E3B1A}.Debug|Any CPU.Build.0 = Debug|Any CPU
		{D212E6C2-1FC0-415A-8572-2469488E3B1A}.Release|Any CPU.ActiveCfg = Release|Any CPU
		{D212E6C2-1FC0-415A-8572-2469488E3B1A}.Release|Any CPU.Build.0 = Release|Any CPU
		{1123F90F-7885-411D-BB2B-9193A92DCC96}.Debug|Any CPU.ActiveCfg = Debug|Any CPU
		{1123F90F-7885-411D-BB2B-9193A92DCC96}.Debug|Any CPU.Build.0 = Debug|Any CPU
		{1123F90F-7885-411D-BB2B-9193A92DCC96}.Release|Any CPU.ActiveCfg = Release|Any CPU
		{1123F90F-7885-411D-BB2B-9193A92DCC96}.Release|Any CPU.Build.0 = Release|Any CPU
		{7277ABF1-0CC9-4E3F-86DB-BFA88405FCB8}.Debug|Any CPU.ActiveCfg = Debug|Any CPU
		{7277ABF1-0CC9-4E3F-86DB-BFA88405FCB8}.Debug|Any CPU.Build.0 = Debug|Any CPU
		{7277ABF1-0CC9-4E3F-86DB-BFA88405FCB8}.Release|Any CPU.ActiveCfg = Release|Any CPU
		{7277ABF1-0CC9-4E3F-86DB-BFA88405FCB8}.Release|Any CPU.Build.0 = Release|Any CPU
		{F2543C28-F9BA-418A-9AC9-192D269BF12D}.Debug|Any CPU.ActiveCfg = Debug|Any CPU
		{F2543C28-F9BA-418A-9AC9-192D269BF12D}.Debug|Any CPU.Build.0 = Debug|Any CPU
		{F2543C28-F9BA-418A-9AC9-192D269BF12D}.Release|Any CPU.ActiveCfg = Release|Any CPU
		{F2543C28-F9BA-418A-9AC9-192D269BF12D}.Release|Any CPU.Build.0 = Release|Any CPU
		{93A83A4A-D0CA-4256-9506-018BEFB8ADB9}.Debug|Any CPU.ActiveCfg = Debug|Any CPU
		{93A83A4A-D0CA-4256-9506-018BEFB8ADB9}.Debug|Any CPU.Build.0 = Debug|Any CPU
		{93A83A4A-D0CA-4256-9506-018BEFB8ADB9}.Release|Any CPU.ActiveCfg = Release|Any CPU
		{93A83A4A-D0CA-4256-9506-018BEFB8ADB9}.Release|Any CPU.Build.0 = Release|Any CPU
		{57764DDC-01A4-4292-8488-4390FBCCF875}.Debug|Any CPU.ActiveCfg = Debug|Any CPU
		{57764DDC-01A4-4292-8488-4390FBCCF875}.Debug|Any CPU.Build.0 = Debug|Any CPU
		{57764DDC-01A4-4292-8488-4390FBCCF875}.Release|Any CPU.ActiveCfg = Release|Any CPU
		{57764DDC-01A4-4292-8488-4390FBCCF875}.Release|Any CPU.Build.0 = Release|Any CPU
		{49E8007C-20C2-411C-A040-77DEFC1F4CA4}.Debug|Any CPU.ActiveCfg = Debug|Any CPU
		{49E8007C-20C2-411C-A040-77DEFC1F4CA4}.Debug|Any CPU.Build.0 = Debug|Any CPU
		{49E8007C-20C2-411C-A040-77DEFC1F4CA4}.Release|Any CPU.ActiveCfg = Release|Any CPU
		{49E8007C-20C2-411C-A040-77DEFC1F4CA4}.Release|Any CPU.Build.0 = Release|Any CPU
		{0306DC0A-59BE-4FE8-9F4E-DC646B3EA49E}.Debug|Any CPU.ActiveCfg = Debug|Any CPU
		{0306DC0A-59BE-4FE8-9F4E-DC646B3EA49E}.Debug|Any CPU.Build.0 = Debug|Any CPU
		{0306DC0A-59BE-4FE8-9F4E-DC646B3EA49E}.Release|Any CPU.ActiveCfg = Release|Any CPU
		{0306DC0A-59BE-4FE8-9F4E-DC646B3EA49E}.Release|Any CPU.Build.0 = Release|Any CPU
		{E8F8982B-3168-4D01-8CE5-B42DA5357F78}.Debug|Any CPU.ActiveCfg = Debug|Any CPU
		{E8F8982B-3168-4D01-8CE5-B42DA5357F78}.Debug|Any CPU.Build.0 = Debug|Any CPU
		{E8F8982B-3168-4D01-8CE5-B42DA5357F78}.Release|Any CPU.ActiveCfg = Release|Any CPU
		{E8F8982B-3168-4D01-8CE5-B42DA5357F78}.Release|Any CPU.Build.0 = Release|Any CPU
		{A485B9F1-0456-42C6-B683-069912EB6CE6}.Debug|Any CPU.ActiveCfg = Debug|Any CPU
		{A485B9F1-0456-42C6-B683-069912EB6CE6}.Debug|Any CPU.Build.0 = Debug|Any CPU
		{A485B9F1-0456-42C6-B683-069912EB6CE6}.Release|Any CPU.ActiveCfg = Release|Any CPU
		{A485B9F1-0456-42C6-B683-069912EB6CE6}.Release|Any CPU.Build.0 = Release|Any CPU
		{72A193E3-4558-40CB-848C-8C008A3D2552}.Debug|Any CPU.ActiveCfg = Debug|Any CPU
		{72A193E3-4558-40CB-848C-8C008A3D2552}.Debug|Any CPU.Build.0 = Debug|Any CPU
		{72A193E3-4558-40CB-848C-8C008A3D2552}.Release|Any CPU.ActiveCfg = Release|Any CPU
		{72A193E3-4558-40CB-848C-8C008A3D2552}.Release|Any CPU.Build.0 = Release|Any CPU
		{45E8B8FE-6695-4DC3-84CC-EC6E3C9733D5}.Debug|Any CPU.ActiveCfg = Debug|Any CPU
		{45E8B8FE-6695-4DC3-84CC-EC6E3C9733D5}.Debug|Any CPU.Build.0 = Debug|Any CPU
		{45E8B8FE-6695-4DC3-84CC-EC6E3C9733D5}.Release|Any CPU.ActiveCfg = Release|Any CPU
		{45E8B8FE-6695-4DC3-84CC-EC6E3C9733D5}.Release|Any CPU.Build.0 = Release|Any CPU
		{CD7F7D2C-8853-4723-B4D1-9D81534318AA}.Debug|Any CPU.ActiveCfg = Debug|Any CPU
		{CD7F7D2C-8853-4723-B4D1-9D81534318AA}.Debug|Any CPU.Build.0 = Debug|Any CPU
		{CD7F7D2C-8853-4723-B4D1-9D81534318AA}.Release|Any CPU.ActiveCfg = Release|Any CPU
		{CD7F7D2C-8853-4723-B4D1-9D81534318AA}.Release|Any CPU.Build.0 = Release|Any CPU
		{B265D267-FC7E-48B1-B1EE-240640F26675}.Debug|Any CPU.ActiveCfg = Debug|Any CPU
		{B265D267-FC7E-48B1-B1EE-240640F26675}.Debug|Any CPU.Build.0 = Debug|Any CPU
		{B265D267-FC7E-48B1-B1EE-240640F26675}.Release|Any CPU.ActiveCfg = Release|Any CPU
		{B265D267-FC7E-48B1-B1EE-240640F26675}.Release|Any CPU.Build.0 = Release|Any CPU
		{04363115-5F64-480E-85EA-56431345AAFF}.Debug|Any CPU.ActiveCfg = Debug|Any CPU
		{04363115-5F64-480E-85EA-56431345AAFF}.Debug|Any CPU.Build.0 = Debug|Any CPU
		{04363115-5F64-480E-85EA-56431345AAFF}.Release|Any CPU.ActiveCfg = Release|Any CPU
		{04363115-5F64-480E-85EA-56431345AAFF}.Release|Any CPU.Build.0 = Release|Any CPU
		{701FFB7D-0809-440C-9E69-78874B1456EA}.Debug|Any CPU.ActiveCfg = Debug|Any CPU
		{701FFB7D-0809-440C-9E69-78874B1456EA}.Debug|Any CPU.Build.0 = Debug|Any CPU
		{701FFB7D-0809-440C-9E69-78874B1456EA}.Release|Any CPU.ActiveCfg = Release|Any CPU
		{701FFB7D-0809-440C-9E69-78874B1456EA}.Release|Any CPU.Build.0 = Release|Any CPU
		{64C2446C-B091-4628-9015-8ADB30A12F40}.Debug|Any CPU.ActiveCfg = Debug|Any CPU
		{64C2446C-B091-4628-9015-8ADB30A12F40}.Debug|Any CPU.Build.0 = Debug|Any CPU
		{64C2446C-B091-4628-9015-8ADB30A12F40}.Release|Any CPU.ActiveCfg = Release|Any CPU
		{64C2446C-B091-4628-9015-8ADB30A12F40}.Release|Any CPU.Build.0 = Release|Any CPU
		{4A4C410D-693E-4722-88EE-5A3751193899}.Debug|Any CPU.ActiveCfg = Debug|Any CPU
		{4A4C410D-693E-4722-88EE-5A3751193899}.Debug|Any CPU.Build.0 = Debug|Any CPU
		{4A4C410D-693E-4722-88EE-5A3751193899}.Release|Any CPU.ActiveCfg = Release|Any CPU
		{4A4C410D-693E-4722-88EE-5A3751193899}.Release|Any CPU.Build.0 = Release|Any CPU
		{35D6A6A2-5D9B-4FAD-A1B5-AA6D0608025C}.Debug|Any CPU.ActiveCfg = Debug|Any CPU
		{35D6A6A2-5D9B-4FAD-A1B5-AA6D0608025C}.Debug|Any CPU.Build.0 = Debug|Any CPU
		{35D6A6A2-5D9B-4FAD-A1B5-AA6D0608025C}.Release|Any CPU.ActiveCfg = Release|Any CPU
		{35D6A6A2-5D9B-4FAD-A1B5-AA6D0608025C}.Release|Any CPU.Build.0 = Release|Any CPU
		{26EC22E0-6538-4E35-80FD-597942F700D5}.Debug|Any CPU.ActiveCfg = Debug|Any CPU
		{26EC22E0-6538-4E35-80FD-597942F700D5}.Debug|Any CPU.Build.0 = Debug|Any CPU
		{26EC22E0-6538-4E35-80FD-597942F700D5}.Release|Any CPU.ActiveCfg = Release|Any CPU
		{26EC22E0-6538-4E35-80FD-597942F700D5}.Release|Any CPU.Build.0 = Release|Any CPU
		{CD57E37E-0943-4FD3-9ACC-1150209F813C}.Debug|Any CPU.ActiveCfg = Debug|Any CPU
		{CD57E37E-0943-4FD3-9ACC-1150209F813C}.Debug|Any CPU.Build.0 = Debug|Any CPU
		{CD57E37E-0943-4FD3-9ACC-1150209F813C}.Release|Any CPU.ActiveCfg = Release|Any CPU
		{CD57E37E-0943-4FD3-9ACC-1150209F813C}.Release|Any CPU.Build.0 = Release|Any CPU
		{418F33F4-1831-411B-82F7-87B035B3AADB}.Debug|Any CPU.ActiveCfg = Debug|Any CPU
		{418F33F4-1831-411B-82F7-87B035B3AADB}.Debug|Any CPU.Build.0 = Debug|Any CPU
		{418F33F4-1831-411B-82F7-87B035B3AADB}.Release|Any CPU.ActiveCfg = Release|Any CPU
		{418F33F4-1831-411B-82F7-87B035B3AADB}.Release|Any CPU.Build.0 = Release|Any CPU
		{A1295163-F246-4E78-A5F4-495E264EBC73}.Debug|Any CPU.ActiveCfg = Debug|Any CPU
		{A1295163-F246-4E78-A5F4-495E264EBC73}.Debug|Any CPU.Build.0 = Debug|Any CPU
		{A1295163-F246-4E78-A5F4-495E264EBC73}.Release|Any CPU.ActiveCfg = Release|Any CPU
		{A1295163-F246-4E78-A5F4-495E264EBC73}.Release|Any CPU.Build.0 = Release|Any CPU
		{BEFAB23B-807A-4055-8AF1-B1E8851B6DF6}.Debug|Any CPU.ActiveCfg = Debug|Any CPU
		{BEFAB23B-807A-4055-8AF1-B1E8851B6DF6}.Debug|Any CPU.Build.0 = Debug|Any CPU
		{BEFAB23B-807A-4055-8AF1-B1E8851B6DF6}.Release|Any CPU.ActiveCfg = Release|Any CPU
		{BEFAB23B-807A-4055-8AF1-B1E8851B6DF6}.Release|Any CPU.Build.0 = Release|Any CPU
		{84E0693D-36D8-42C2-ADB1-D1FD501AF141}.Debug|Any CPU.ActiveCfg = Debug|Any CPU
		{84E0693D-36D8-42C2-ADB1-D1FD501AF141}.Debug|Any CPU.Build.0 = Debug|Any CPU
		{84E0693D-36D8-42C2-ADB1-D1FD501AF141}.Release|Any CPU.ActiveCfg = Release|Any CPU
		{84E0693D-36D8-42C2-ADB1-D1FD501AF141}.Release|Any CPU.Build.0 = Release|Any CPU
		{F9E879DE-16EA-4C6B-ACF5-B4D4DB532F87}.Debug|Any CPU.ActiveCfg = Debug|Any CPU
		{F9E879DE-16EA-4C6B-ACF5-B4D4DB532F87}.Debug|Any CPU.Build.0 = Debug|Any CPU
		{F9E879DE-16EA-4C6B-ACF5-B4D4DB532F87}.Release|Any CPU.ActiveCfg = Release|Any CPU
		{F9E879DE-16EA-4C6B-ACF5-B4D4DB532F87}.Release|Any CPU.Build.0 = Release|Any CPU
		{3CFD44DA-88BF-4F45-8259-048884B8339C}.Debug|Any CPU.ActiveCfg = Debug|Any CPU
		{3CFD44DA-88BF-4F45-8259-048884B8339C}.Debug|Any CPU.Build.0 = Debug|Any CPU
		{3CFD44DA-88BF-4F45-8259-048884B8339C}.Release|Any CPU.ActiveCfg = Release|Any CPU
		{3CFD44DA-88BF-4F45-8259-048884B8339C}.Release|Any CPU.Build.0 = Release|Any CPU
		{40F5B986-0D53-4F07-9624-59E37AD16009}.Debug|Any CPU.ActiveCfg = Debug|Any CPU
		{40F5B986-0D53-4F07-9624-59E37AD16009}.Debug|Any CPU.Build.0 = Debug|Any CPU
		{40F5B986-0D53-4F07-9624-59E37AD16009}.Release|Any CPU.ActiveCfg = Release|Any CPU
		{40F5B986-0D53-4F07-9624-59E37AD16009}.Release|Any CPU.Build.0 = Release|Any CPU
		{DC113011-722F-4CB1-B7E1-8A01910CA8D0}.Debug|Any CPU.ActiveCfg = Debug|Any CPU
		{DC113011-722F-4CB1-B7E1-8A01910CA8D0}.Debug|Any CPU.Build.0 = Debug|Any CPU
		{DC113011-722F-4CB1-B7E1-8A01910CA8D0}.Release|Any CPU.ActiveCfg = Release|Any CPU
		{DC113011-722F-4CB1-B7E1-8A01910CA8D0}.Release|Any CPU.Build.0 = Release|Any CPU
		{A37D54E5-F077-4BA5-B956-B2141D2EBB3B}.Debug|Any CPU.ActiveCfg = Debug|Any CPU
		{A37D54E5-F077-4BA5-B956-B2141D2EBB3B}.Debug|Any CPU.Build.0 = Debug|Any CPU
		{A37D54E5-F077-4BA5-B956-B2141D2EBB3B}.Release|Any CPU.ActiveCfg = Release|Any CPU
		{A37D54E5-F077-4BA5-B956-B2141D2EBB3B}.Release|Any CPU.Build.0 = Release|Any CPU
		{A1E9F1B9-B622-4E7C-B733-7839428C8666}.Debug|Any CPU.ActiveCfg = Debug|Any CPU
		{A1E9F1B9-B622-4E7C-B733-7839428C8666}.Debug|Any CPU.Build.0 = Debug|Any CPU
		{A1E9F1B9-B622-4E7C-B733-7839428C8666}.Release|Any CPU.ActiveCfg = Release|Any CPU
		{A1E9F1B9-B622-4E7C-B733-7839428C8666}.Release|Any CPU.Build.0 = Release|Any CPU
		{E9043ABD-1E53-4841-BE8D-938B33CDDE2C}.Debug|Any CPU.ActiveCfg = Debug|Any CPU
		{E9043ABD-1E53-4841-BE8D-938B33CDDE2C}.Debug|Any CPU.Build.0 = Debug|Any CPU
		{E9043ABD-1E53-4841-BE8D-938B33CDDE2C}.Release|Any CPU.ActiveCfg = Release|Any CPU
		{E9043ABD-1E53-4841-BE8D-938B33CDDE2C}.Release|Any CPU.Build.0 = Release|Any CPU
		{B29928F7-18A4-4A6B-B6BE-D1A66175F1A0}.Debug|Any CPU.ActiveCfg = Debug|Any CPU
		{B29928F7-18A4-4A6B-B6BE-D1A66175F1A0}.Debug|Any CPU.Build.0 = Debug|Any CPU
		{B29928F7-18A4-4A6B-B6BE-D1A66175F1A0}.Release|Any CPU.ActiveCfg = Release|Any CPU
		{B29928F7-18A4-4A6B-B6BE-D1A66175F1A0}.Release|Any CPU.Build.0 = Release|Any CPU
		{58D73A22-7EFB-44D2-B411-DD7087959225}.Debug|Any CPU.ActiveCfg = Debug|Any CPU
		{58D73A22-7EFB-44D2-B411-DD7087959225}.Debug|Any CPU.Build.0 = Debug|Any CPU
		{58D73A22-7EFB-44D2-B411-DD7087959225}.Release|Any CPU.ActiveCfg = Release|Any CPU
		{58D73A22-7EFB-44D2-B411-DD7087959225}.Release|Any CPU.Build.0 = Release|Any CPU
		{A63C3E85-2496-476C-A805-9E28811439E1}.Debug|Any CPU.ActiveCfg = Debug|Any CPU
		{A63C3E85-2496-476C-A805-9E28811439E1}.Debug|Any CPU.Build.0 = Debug|Any CPU
		{A63C3E85-2496-476C-A805-9E28811439E1}.Release|Any CPU.ActiveCfg = Release|Any CPU
		{A63C3E85-2496-476C-A805-9E28811439E1}.Release|Any CPU.Build.0 = Release|Any CPU
		{5886884F-A7B2-4D39-B672-3E4F544F2C58}.Debug|Any CPU.ActiveCfg = Debug|Any CPU
		{5886884F-A7B2-4D39-B672-3E4F544F2C58}.Debug|Any CPU.Build.0 = Debug|Any CPU
		{5886884F-A7B2-4D39-B672-3E4F544F2C58}.Release|Any CPU.ActiveCfg = Release|Any CPU
		{5886884F-A7B2-4D39-B672-3E4F544F2C58}.Release|Any CPU.Build.0 = Release|Any CPU
		{32D05280-0771-40D3-B198-5D3EE920746E}.Debug|Any CPU.ActiveCfg = Debug|Any CPU
		{32D05280-0771-40D3-B198-5D3EE920746E}.Debug|Any CPU.Build.0 = Debug|Any CPU
		{32D05280-0771-40D3-B198-5D3EE920746E}.Release|Any CPU.ActiveCfg = Release|Any CPU
		{32D05280-0771-40D3-B198-5D3EE920746E}.Release|Any CPU.Build.0 = Release|Any CPU
		{DDEDF2F3-2A51-4D87-A760-A93347097084}.Debug|Any CPU.ActiveCfg = Debug|Any CPU
		{DDEDF2F3-2A51-4D87-A760-A93347097084}.Debug|Any CPU.Build.0 = Debug|Any CPU
		{DDEDF2F3-2A51-4D87-A760-A93347097084}.Release|Any CPU.ActiveCfg = Release|Any CPU
		{DDEDF2F3-2A51-4D87-A760-A93347097084}.Release|Any CPU.Build.0 = Release|Any CPU
		{D7001FA4-BC24-4548-A246-F6D54B22FC92}.Debug|Any CPU.ActiveCfg = Debug|Any CPU
		{D7001FA4-BC24-4548-A246-F6D54B22FC92}.Debug|Any CPU.Build.0 = Debug|Any CPU
		{D7001FA4-BC24-4548-A246-F6D54B22FC92}.Release|Any CPU.ActiveCfg = Release|Any CPU
		{D7001FA4-BC24-4548-A246-F6D54B22FC92}.Release|Any CPU.Build.0 = Release|Any CPU
		{CE521561-56DB-4D81-8A2F-D483024BA419}.Debug|Any CPU.ActiveCfg = Debug|Any CPU
		{CE521561-56DB-4D81-8A2F-D483024BA419}.Debug|Any CPU.Build.0 = Debug|Any CPU
		{CE521561-56DB-4D81-8A2F-D483024BA419}.Release|Any CPU.ActiveCfg = Release|Any CPU
		{CE521561-56DB-4D81-8A2F-D483024BA419}.Release|Any CPU.Build.0 = Release|Any CPU
		{4C8045E8-C79D-4306-A9B4-2F52E7DF2043}.Debug|Any CPU.ActiveCfg = Debug|Any CPU
		{4C8045E8-C79D-4306-A9B4-2F52E7DF2043}.Debug|Any CPU.Build.0 = Debug|Any CPU
		{4C8045E8-C79D-4306-A9B4-2F52E7DF2043}.Release|Any CPU.ActiveCfg = Release|Any CPU
		{4C8045E8-C79D-4306-A9B4-2F52E7DF2043}.Release|Any CPU.Build.0 = Release|Any CPU
		{0E75929C-DC2E-4971-A3A6-22BA651BFE61}.Debug|Any CPU.ActiveCfg = Debug|Any CPU
		{0E75929C-DC2E-4971-A3A6-22BA651BFE61}.Debug|Any CPU.Build.0 = Debug|Any CPU
		{0E75929C-DC2E-4971-A3A6-22BA651BFE61}.Release|Any CPU.ActiveCfg = Release|Any CPU
		{0E75929C-DC2E-4971-A3A6-22BA651BFE61}.Release|Any CPU.Build.0 = Release|Any CPU
		{3DD15264-3101-40F9-8C12-53CE2C11A978}.Debug|Any CPU.ActiveCfg = Debug|Any CPU
		{3DD15264-3101-40F9-8C12-53CE2C11A978}.Debug|Any CPU.Build.0 = Debug|Any CPU
		{3DD15264-3101-40F9-8C12-53CE2C11A978}.Release|Any CPU.ActiveCfg = Release|Any CPU
		{3DD15264-3101-40F9-8C12-53CE2C11A978}.Release|Any CPU.Build.0 = Release|Any CPU
		{BA14C9B5-110A-409C-B7E5-595F5AEBA6D3}.Debug|Any CPU.ActiveCfg = Debug|Any CPU
		{BA14C9B5-110A-409C-B7E5-595F5AEBA6D3}.Debug|Any CPU.Build.0 = Debug|Any CPU
		{BA14C9B5-110A-409C-B7E5-595F5AEBA6D3}.Release|Any CPU.ActiveCfg = Release|Any CPU
		{BA14C9B5-110A-409C-B7E5-595F5AEBA6D3}.Release|Any CPU.Build.0 = Release|Any CPU
		{D1755DE2-CA24-4EE6-ADBE-0955396EE9B0}.Debug|Any CPU.ActiveCfg = Debug|Any CPU
		{D1755DE2-CA24-4EE6-ADBE-0955396EE9B0}.Debug|Any CPU.Build.0 = Debug|Any CPU
		{D1755DE2-CA24-4EE6-ADBE-0955396EE9B0}.Release|Any CPU.ActiveCfg = Release|Any CPU
		{D1755DE2-CA24-4EE6-ADBE-0955396EE9B0}.Release|Any CPU.Build.0 = Release|Any CPU
		{BFC670D0-CE42-4D74-8AF3-AB3481FF550E}.Debug|Any CPU.ActiveCfg = Debug|Any CPU
		{BFC670D0-CE42-4D74-8AF3-AB3481FF550E}.Debug|Any CPU.Build.0 = Debug|Any CPU
		{BFC670D0-CE42-4D74-8AF3-AB3481FF550E}.Release|Any CPU.ActiveCfg = Release|Any CPU
		{BFC670D0-CE42-4D74-8AF3-AB3481FF550E}.Release|Any CPU.Build.0 = Release|Any CPU
		{82FC5962-00D5-4CA5-9B10-0CF3FB5E0A4F}.Debug|Any CPU.ActiveCfg = Debug|Any CPU
		{82FC5962-00D5-4CA5-9B10-0CF3FB5E0A4F}.Debug|Any CPU.Build.0 = Debug|Any CPU
		{82FC5962-00D5-4CA5-9B10-0CF3FB5E0A4F}.Release|Any CPU.ActiveCfg = Release|Any CPU
		{82FC5962-00D5-4CA5-9B10-0CF3FB5E0A4F}.Release|Any CPU.Build.0 = Release|Any CPU
		{632CC065-6222-4C1D-A948-FA02D94BF82F}.Debug|Any CPU.ActiveCfg = Debug|Any CPU
		{632CC065-6222-4C1D-A948-FA02D94BF82F}.Debug|Any CPU.Build.0 = Debug|Any CPU
		{632CC065-6222-4C1D-A948-FA02D94BF82F}.Release|Any CPU.ActiveCfg = Release|Any CPU
		{632CC065-6222-4C1D-A948-FA02D94BF82F}.Release|Any CPU.Build.0 = Release|Any CPU
		{232AFB98-85B5-4729-AFE9-43925314F67D}.Debug|Any CPU.ActiveCfg = Debug|Any CPU
		{232AFB98-85B5-4729-AFE9-43925314F67D}.Debug|Any CPU.Build.0 = Debug|Any CPU
		{232AFB98-85B5-4729-AFE9-43925314F67D}.Release|Any CPU.ActiveCfg = Release|Any CPU
		{232AFB98-85B5-4729-AFE9-43925314F67D}.Release|Any CPU.Build.0 = Release|Any CPU
		{7B541DD9-8C97-41F4-A0DF-D7FBDE4CC5A7}.Debug|Any CPU.ActiveCfg = Debug|Any CPU
		{7B541DD9-8C97-41F4-A0DF-D7FBDE4CC5A7}.Debug|Any CPU.Build.0 = Debug|Any CPU
		{7B541DD9-8C97-41F4-A0DF-D7FBDE4CC5A7}.Release|Any CPU.ActiveCfg = Release|Any CPU
		{7B541DD9-8C97-41F4-A0DF-D7FBDE4CC5A7}.Release|Any CPU.Build.0 = Release|Any CPU
	EndGlobalSection
	GlobalSection(NestedProjects) = preSolution
		{A4A13A16-106D-4205-8ABF-E7EB35381B98} = {D836EDF8-5846-4D71-8855-37DA492C84D2}
		{B4A43719-9D32-43D4-992D-843AEC416656} = {A4A13A16-106D-4205-8ABF-E7EB35381B98}
		{EBC657BD-DADB-42C8-8B77-B35EB7CCB90C} = {B4A43719-9D32-43D4-992D-843AEC416656}
		{8CF7D7A0-0012-450A-9C01-8CEA698EBB4D} = {D836EDF8-5846-4D71-8855-37DA492C84D2}
		{DBC7D5D6-A083-476B-8427-914BD66DAFB2} = {8CF7D7A0-0012-450A-9C01-8CEA698EBB4D}
		{690BB367-1B7B-4097-B27F-CB57F34817BB} = {B4A43719-9D32-43D4-992D-843AEC416656}
		{25448FA5-18F3-4655-98A1-EB22CC6219A8} = {A4A13A16-106D-4205-8ABF-E7EB35381B98}
		{C13FF93B-CDEF-4015-89FE-235467587A47} = {25448FA5-18F3-4655-98A1-EB22CC6219A8}
		{4723557D-92DB-4D2E-A72F-C769BC5947BB} = {25448FA5-18F3-4655-98A1-EB22CC6219A8}
		{1396A4FE-C8A7-45FA-8B67-C37D699B153F} = {EBC657BD-DADB-42C8-8B77-B35EB7CCB90C}
		{D212E6C2-1FC0-415A-8572-2469488E3B1A} = {690BB367-1B7B-4097-B27F-CB57F34817BB}
		{1123F90F-7885-411D-BB2B-9193A92DCC96} = {C13FF93B-CDEF-4015-89FE-235467587A47}
		{7277ABF1-0CC9-4E3F-86DB-BFA88405FCB8} = {4723557D-92DB-4D2E-A72F-C769BC5947BB}
		{B6ABB051-C661-4ED0-B275-38AC6429D94A} = {A4A13A16-106D-4205-8ABF-E7EB35381B98}
		{8C69954E-E716-4A95-98C4-4B520847D179} = {B6ABB051-C661-4ED0-B275-38AC6429D94A}
		{CDEBC8BB-A9CF-4274-B84F-B72975BE01AD} = {B6ABB051-C661-4ED0-B275-38AC6429D94A}
		{F2543C28-F9BA-418A-9AC9-192D269BF12D} = {8C69954E-E716-4A95-98C4-4B520847D179}
		{93A83A4A-D0CA-4256-9506-018BEFB8ADB9} = {CDEBC8BB-A9CF-4274-B84F-B72975BE01AD}
		{CC490DAB-6923-4661-98DB-6200CF2E47B5} = {A4A13A16-106D-4205-8ABF-E7EB35381B98}
		{BD4EE949-8E86-4634-BBCD-1D6E79FB59BB} = {CC490DAB-6923-4661-98DB-6200CF2E47B5}
		{57764DDC-01A4-4292-8488-4390FBCCF875} = {BD4EE949-8E86-4634-BBCD-1D6E79FB59BB}
		{CE18BAAD-EE4A-459D-B23F-DC24F9400E02} = {A4A13A16-106D-4205-8ABF-E7EB35381B98}
		{85A7BD12-8949-4F9D-BBBC-0D06668FAA7A} = {CE18BAAD-EE4A-459D-B23F-DC24F9400E02}
		{7C676E81-9944-4F4C-A021-2857E420D619} = {CE18BAAD-EE4A-459D-B23F-DC24F9400E02}
		{49E8007C-20C2-411C-A040-77DEFC1F4CA4} = {85A7BD12-8949-4F9D-BBBC-0D06668FAA7A}
		{0306DC0A-59BE-4FE8-9F4E-DC646B3EA49E} = {7C676E81-9944-4F4C-A021-2857E420D619}
		{E8F8982B-3168-4D01-8CE5-B42DA5357F78} = {EBC657BD-DADB-42C8-8B77-B35EB7CCB90C}
		{A485B9F1-0456-42C6-B683-069912EB6CE6} = {8CF7D7A0-0012-450A-9C01-8CEA698EBB4D}
		{72A193E3-4558-40CB-848C-8C008A3D2552} = {8CF7D7A0-0012-450A-9C01-8CEA698EBB4D}
		{D556F2CF-D570-4655-9B16-AE1B07179A6D} = {D836EDF8-5846-4D71-8855-37DA492C84D2}
		{45E8B8FE-6695-4DC3-84CC-EC6E3C9733D5} = {D556F2CF-D570-4655-9B16-AE1B07179A6D}
		{CD7F7D2C-8853-4723-B4D1-9D81534318AA} = {EBC657BD-DADB-42C8-8B77-B35EB7CCB90C}
		{B265D267-FC7E-48B1-B1EE-240640F26675} = {690BB367-1B7B-4097-B27F-CB57F34817BB}
		{04363115-5F64-480E-85EA-56431345AAFF} = {EBC657BD-DADB-42C8-8B77-B35EB7CCB90C}
		{701FFB7D-0809-440C-9E69-78874B1456EA} = {85A7BD12-8949-4F9D-BBBC-0D06668FAA7A}
		{64C2446C-B091-4628-9015-8ADB30A12F40} = {85A7BD12-8949-4F9D-BBBC-0D06668FAA7A}
		{4A4C410D-693E-4722-88EE-5A3751193899} = {7C676E81-9944-4F4C-A021-2857E420D619}
		{35D6A6A2-5D9B-4FAD-A1B5-AA6D0608025C} = {C13FF93B-CDEF-4015-89FE-235467587A47}
		{26EC22E0-6538-4E35-80FD-597942F700D5} = {C13FF93B-CDEF-4015-89FE-235467587A47}
		{CD57E37E-0943-4FD3-9ACC-1150209F813C} = {4723557D-92DB-4D2E-A72F-C769BC5947BB}
		{418F33F4-1831-411B-82F7-87B035B3AADB} = {8C69954E-E716-4A95-98C4-4B520847D179}
		{A1295163-F246-4E78-A5F4-495E264EBC73} = {CDEBC8BB-A9CF-4274-B84F-B72975BE01AD}
		{BEFAB23B-807A-4055-8AF1-B1E8851B6DF6} = {8C69954E-E716-4A95-98C4-4B520847D179}
		{84E0693D-36D8-42C2-ADB1-D1FD501AF141} = {8CF7D7A0-0012-450A-9C01-8CEA698EBB4D}
		{F9AC9F9D-97D6-4B73-B4A7-4C7F21DCD2E7} = {A4A13A16-106D-4205-8ABF-E7EB35381B98}
		{CD6C363C-69F7-4135-AC09-ADB4BC7D59FE} = {F9AC9F9D-97D6-4B73-B4A7-4C7F21DCD2E7}
		{6F4EE3EC-DBEC-4622-952D-06359939A94B} = {F9AC9F9D-97D6-4B73-B4A7-4C7F21DCD2E7}
		{F9E879DE-16EA-4C6B-ACF5-B4D4DB532F87} = {CD6C363C-69F7-4135-AC09-ADB4BC7D59FE}
		{3CFD44DA-88BF-4F45-8259-048884B8339C} = {CD6C363C-69F7-4135-AC09-ADB4BC7D59FE}
		{40F5B986-0D53-4F07-9624-59E37AD16009} = {CD6C363C-69F7-4135-AC09-ADB4BC7D59FE}
		{9AAB3903-33D6-4A22-AD15-CEE44F1B5EFA} = {A4A13A16-106D-4205-8ABF-E7EB35381B98}
		{AC7496AA-6B33-442D-A127-FF9C5A217170} = {9AAB3903-33D6-4A22-AD15-CEE44F1B5EFA}
		{CA4B35FA-8073-4E8A-9DD8-85FB816F4B1C} = {9AAB3903-33D6-4A22-AD15-CEE44F1B5EFA}
		{DC113011-722F-4CB1-B7E1-8A01910CA8D0} = {AC7496AA-6B33-442D-A127-FF9C5A217170}
		{A37D54E5-F077-4BA5-B956-B2141D2EBB3B} = {AC7496AA-6B33-442D-A127-FF9C5A217170}
		{A1E9F1B9-B622-4E7C-B733-7839428C8666} = {AC7496AA-6B33-442D-A127-FF9C5A217170}
		{E9043ABD-1E53-4841-BE8D-938B33CDDE2C} = {6F4EE3EC-DBEC-4622-952D-06359939A94B}
		{B29928F7-18A4-4A6B-B6BE-D1A66175F1A0} = {6F4EE3EC-DBEC-4622-952D-06359939A94B}
		{58D73A22-7EFB-44D2-B411-DD7087959225} = {CA4B35FA-8073-4E8A-9DD8-85FB816F4B1C}
		{A63C3E85-2496-476C-A805-9E28811439E1} = {CA4B35FA-8073-4E8A-9DD8-85FB816F4B1C}
		{5886884F-A7B2-4D39-B672-3E4F544F2C58} = {EBC657BD-DADB-42C8-8B77-B35EB7CCB90C}
		{32D05280-0771-40D3-B198-5D3EE920746E} = {AC7496AA-6B33-442D-A127-FF9C5A217170}
		{DDEDF2F3-2A51-4D87-A760-A93347097084} = {85A7BD12-8949-4F9D-BBBC-0D06668FAA7A}
		{D7001FA4-BC24-4548-A246-F6D54B22FC92} = {8CF7D7A0-0012-450A-9C01-8CEA698EBB4D}
		{CE521561-56DB-4D81-8A2F-D483024BA419} = {AC7496AA-6B33-442D-A127-FF9C5A217170}
		{4C8045E8-C79D-4306-A9B4-2F52E7DF2043} = {C13FF93B-CDEF-4015-89FE-235467587A47}
		{0E75929C-DC2E-4971-A3A6-22BA651BFE61} = {8C69954E-E716-4A95-98C4-4B520847D179}
		{3DD15264-3101-40F9-8C12-53CE2C11A978} = {8C69954E-E716-4A95-98C4-4B520847D179}
		{BA14C9B5-110A-409C-B7E5-595F5AEBA6D3} = {8C69954E-E716-4A95-98C4-4B520847D179}
		{D1755DE2-CA24-4EE6-ADBE-0955396EE9B0} = {8CF7D7A0-0012-450A-9C01-8CEA698EBB4D}
		{BFC670D0-CE42-4D74-8AF3-AB3481FF550E} = {8CF7D7A0-0012-450A-9C01-8CEA698EBB4D}
		{82FC5962-00D5-4CA5-9B10-0CF3FB5E0A4F} = {8CF7D7A0-0012-450A-9C01-8CEA698EBB4D}
		{632CC065-6222-4C1D-A948-FA02D94BF82F} = {8CF7D7A0-0012-450A-9C01-8CEA698EBB4D}
		{232AFB98-85B5-4729-AFE9-43925314F67D} = {8CF7D7A0-0012-450A-9C01-8CEA698EBB4D}
		{7B541DD9-8C97-41F4-A0DF-D7FBDE4CC5A7} = {8CF7D7A0-0012-450A-9C01-8CEA698EBB4D}
	EndGlobalSection
EndGlobal
